
Microsoft Visual Studio Solution File, Format Version 12.00
# Visual Studio Version 17
VisualStudioVersion = 17.0.32126.317
MinimumVisualStudioVersion = 10.0.40219.1
Project("{9A19103F-16F7-4668-BE54-9A1E7A4F7556}") = "Homework1", "Homework1\Homework1.csproj", "{F259D01C-65E9-4099-B3DD-F284022D3276}"
EndProject
Global
	GlobalSection(SolutionConfigurationPlatforms) = preSolution
		Debug|Any CPU = Debug|Any CPU
		Release|Any CPU = Release|Any CPU
	EndGlobalSection
	GlobalSection(ProjectConfigurationPlatforms) = postSolution
		{F259D01C-65E9-4099-B3DD-F284022D3276}.Debug|Any CPU.ActiveCfg = Debug|Any CPU
		{F259D01C-65E9-4099-B3DD-F284022D3276}.Debug|Any CPU.Build.0 = Debug|Any CPU
		{F259D01C-65E9-4099-B3DD-F284022D3276}.Release|Any CPU.ActiveCfg = Release|Any CPU
		{F259D01C-65E9-4099-B3DD-F284022D3276}.Release|Any CPU.Build.0 = Release|Any CPU
	EndGlobalSection
	GlobalSection(SolutionProperties) = preSolution
		HideSolutionNode = FALSE
	EndGlobalSection
	GlobalSection(ExtensibilityGlobals) = postSolution
		SolutionGuid = {5E4D4891-689C-45E2-87DE-F1A5136179E7}
	EndGlobalSection
EndGlobal
